
Microsoft Visual Studio Solution File, Format Version 12.00
# Visual Studio Version 16
VisualStudioVersion = 16.0.28714.193
MinimumVisualStudioVersion = 10.0.40219.1
Project("{8BC9CEB8-8B4A-11D0-8D11-00A0C91BC942}") = "lab3-8", "lab3-8.vcxproj", "{C491048F-196B-4858-BD67-7BD526F7EFA7}"
EndProject
Global
	GlobalSection(SolutionConfigurationPlatforms) = preSolution
		Debug|x64 = Debug|x64
		Debug|x86 = Debug|x86
		Release|x64 = Release|x64
		Release|x86 = Release|x86
	EndGlobalSection
	GlobalSection(ProjectConfigurationPlatforms) = postSolution
		{C491048F-196B-4858-BD67-7BD526F7EFA7}.Debug|x64.ActiveCfg = Debug|x64
		{C491048F-196B-4858-BD67-7BD526F7EFA7}.Debug|x64.Build.0 = Debug|x64
		{C491048F-196B-4858-BD67-7BD526F7EFA7}.Debug|x86.ActiveCfg = Debug|Win32
		{C491048F-196B-4858-BD67-7BD526F7EFA7}.Debug|x86.Build.0 = Debug|Win32
		{C491048F-196B-4858-BD67-7BD526F7EFA7}.Release|x64.ActiveCfg = Release|x64
		{C491048F-196B-4858-BD67-7BD526F7EFA7}.Release|x64.Build.0 = Release|x64
		{C491048F-196B-4858-BD67-7BD526F7EFA7}.Release|x86.ActiveCfg = Release|Win32
		{C491048F-196B-4858-BD67-7BD526F7EFA7}.Release|x86.Build.0 = Release|Win32
	EndGlobalSection
	GlobalSection(SolutionProperties) = preSolution
		HideSolutionNode = FALSE
	EndGlobalSection
	GlobalSection(ExtensibilityGlobals) = postSolution
		SolutionGuid = {8E3F4C5C-04B7-4C6C-B161-2A9D922549FA}
	EndGlobalSection
EndGlobal
